
Microsoft Visual Studio Solution File, Format Version 12.00
# Visual Studio Version 17
VisualStudioVersion = 17.8.34309.116
MinimumVisualStudioVersion = 10.0.40219.1
Project("{FAE04EC0-301F-11D3-BF4B-00C04F79EFBC}") = "IISLogAnalyzer", "IISLogAnalyzer.csproj", "{6CA25D36-406B-42A9-9788-40652A755EF8}"
EndProject
Global
	GlobalSection(SolutionConfigurationPlatforms) = preSolution
		Debug|Any CPU = Debug|Any CPU
		Release|Any CPU = Release|Any CPU
	EndGlobalSection
	GlobalSection(ProjectConfigurationPlatforms) = postSolution
		{6CA25D36-406B-42A9-9788-40652A755EF8}.Debug|Any CPU.ActiveCfg = Debug|Any CPU
		{6CA25D36-406B-42A9-9788-40652A755EF8}.Debug|Any CPU.Build.0 = Debug|Any CPU
		{6CA25D36-406B-42A9-9788-40652A755EF8}.Release|Any CPU.ActiveCfg = Release|Any CPU
		{6CA25D36-406B-42A9-9788-40652A755EF8}.Release|Any CPU.Build.0 = Release|Any CPU
	EndGlobalSection
	GlobalSection(SolutionProperties) = preSolution
		HideSolutionNode = FALSE
	EndGlobalSection
	GlobalSection(ExtensibilityGlobals) = postSolution
		SolutionGuid = {9FE0F5C1-4201-438B-B9A5-0CAF915FA94D}
	EndGlobalSection
EndGlobal
